// !$*UTF8*$!
{
	archiveVersion = 1;
	classes = {
	};
	objectVersion = 77;
	objects = {

/* Begin PBXContainerItemProxy section */
		2A24CA5E2ECA1FE600F32DFE /* PBXContainerItemProxy */ = {
			isa = PBXContainerItemProxy;
			containerPortal = 2A24CA462ECA1FE400F32DFE /* Project object */;
			proxyType = 1;
			remoteGlobalIDString = 2A24CA4D2ECA1FE400F32DFE;
			remoteInfo = PlaylistMemoryAM;
		};
		2A24CA682ECA1FE600F32DFE /* PBXContainerItemProxy */ = {
			isa = PBXContainerItemProxy;
			containerPortal = 2A24CA462ECA1FE400F32DFE /* Project object */;
			proxyType = 1;
			remoteGlobalIDString = 2A24CA4D2ECA1FE400F32DFE;
			remoteInfo = PlaylistMemoryAM;
		};
/* End PBXContainerItemProxy section */

/* Begin PBXFileReference section */
		2A24CA4E2ECA1FE400F32DFE /* PlaylistMemoryAM.app */ = {isa = PBXFileReference; explicitFileType = wrapper.application; includeInIndex = 0; path = PlaylistMemoryAM.app; sourceTree = BUILT_PRODUCTS_DIR; };
		2A24CA5D2ECA1FE600F32DFE /* PlaylistMemoryAMTests.xctest */ = {isa = PBXFileReference; explicitFileType = wrapper.cfbundle; includeInIndex = 0; path = PlaylistMemoryAMTests.xctest; sourceTree = BUILT_PRODUCTS_DIR; };
		2A24CA672ECA1FE600F32DFE /* PlaylistMemoryAMUITests.xctest */ = {isa = PBXFileReference; explicitFileType = wrapper.cfbundle; includeInIndex = 0; path = PlaylistMemoryAMUITests.xctest; sourceTree = BUILT_PRODUCTS_DIR; };
/* End PBXFileReference section */

/* Begin PBXFileSystemSynchronizedBuildFileExceptionSet section */
		2A24CA7B2ECA20B600F32DFE /* Exceptions for "PlaylistMemoryAM" folder in "PlaylistMemoryAM" target */ = {
			isa = PBXFileSystemSynchronizedBuildFileExceptionSet;
			membershipExceptions = (
				Info.plist,
			);
			target = 2A24CA4D2ECA1FE400F32DFE /* PlaylistMemoryAM */;
		};
/* End PBXFileSystemSynchronizedBuildFileExceptionSet section */

/* Begin PBXFileSystemSynchronizedRootGroup section */
		2A24CA502ECA1FE400F32DFE /* PlaylistMemoryAM */ = {
			isa = PBXFileSystemSynchronizedRootGroup;
			exceptions = (
				2A24CA7B2ECA20B600F32DFE /* Exceptions for "PlaylistMemoryAM" folder in "PlaylistMemoryAM" target */,
			);
			path = PlaylistMemoryAM;
			sourceTree = "<group>";
		};
		2A24CA602ECA1FE600F32DFE /* PlaylistMemoryAMTests */ = {
			isa = PBXFileSystemSynchronizedRootGroup;
			path = PlaylistMemoryAMTests;
			sourceTree = "<group>";
		};
		2A24CA6A2ECA1FE600F32DFE /* PlaylistMemoryAMUITests */ = {
			isa = PBXFileSystemSynchronizedRootGroup;
			path = PlaylistMemoryAMUITests;
			sourceTree = "<group>";
		};
/* End PBXFileSystemSynchronizedRootGroup section */

/* Begin PBXFrameworksBuildPhase section */
		2A24CA4B2ECA1FE400F32DFE /* Frameworks */ = {
			isa = PBXFrameworksBuildPhase;
			buildActionMask = 2147483647;
			files = (
			);
			runOnlyForDeploymentPostprocessing = 0;
		};
		2A24CA5A2ECA1FE600F32DFE /* Frameworks */ = {
			isa = PBXFrameworksBuildPhase;
			buildActionMask = 2147483647;
			files = (
			);
			runOnlyForDeploymentPostprocessing = 0;
		};
		2A24CA642ECA1FE600F32DFE /* Frameworks */ = {
			isa = PBXFrameworksBuildPhase;
			buildActionMask = 2147483647;
			files = (
			);
			runOnlyForDeploymentPostprocessing = 0;
		};
/* End PBXFrameworksBuildPhase section */

/* Begin PBXGroup section */
		2A24CA452ECA1FE400F32DFE = {
			isa = PBXGroup;
			children = (
				2A24CA502ECA1FE400F32DFE /* PlaylistMemoryAM */,
				2A24CA602ECA1FE600F32DFE /* PlaylistMemoryAMTests */,
				2A24CA6A2ECA1FE600F32DFE /* PlaylistMemoryAMUITests */,
				2A24CA4F2ECA1FE400F32DFE /* Products */,
			);
			sourceTree = "<group>";
		};
		2A24CA4F2ECA1FE400F32DFE /* Products */ = {
			isa = PBXGroup;
			children = (
				2A24CA4E2ECA1FE400F32DFE /* PlaylistMemoryAM.app */,
				2A24CA5D2ECA1FE600F32DFE /* PlaylistMemoryAMTests.xctest */,
				2A24CA672ECA1FE600F32DFE /* PlaylistMemoryAMUITests.xctest */,
			);
			name = Products;
			sourceTree = "<group>";
		};
/* End PBXGroup section */

/* Begin PBXNativeTarget section */
		2A24CA4D2ECA1FE400F32DFE /* PlaylistMemoryAM */ = {
			isa = PBXNativeTarget;
			buildConfigurationList = 2A24CA712ECA1FE600F32DFE /* Build configuration list for PBXNativeTarget "PlaylistMemoryAM" */;
			buildPhases = (
				2A24CA4A2ECA1FE400F32DFE /* Sources */,
				2A24CA4B2ECA1FE400F32DFE /* Frameworks */,
				2A24CA4C2ECA1FE400F32DFE /* Resources */,
			);
			buildRules = (
			);
			dependencies = (
			);
			fileSystemSynchronizedGroups = (
				2A24CA502ECA1FE400F32DFE /* PlaylistMemoryAM */,
			);
			name = PlaylistMemoryAM;
			packageProductDependencies = (
			);
			productName = PlaylistMemoryAM;
			productReference = 2A24CA4E2ECA1FE400F32DFE /* PlaylistMemoryAM.app */;
			productType = "com.apple.product-type.application";
		};
		2A24CA5C2ECA1FE600F32DFE /* PlaylistMemoryAMTests */ = {
			isa = PBXNativeTarget;
			buildConfigurationList = 2A24CA742ECA1FE600F32DFE /* Build configuration list for PBXNativeTarget "PlaylistMemoryAMTests" */;
			buildPhases = (
				2A24CA592ECA1FE600F32DFE /* Sources */,
				2A24CA5A2ECA1FE600F32DFE /* Frameworks */,
				2A24CA5B2ECA1FE600F32DFE /* Resources */,
			);
			buildRules = (
			);
			dependencies = (
				2A24CA5F2ECA1FE600F32DFE /* PBXTargetDependency */,
			);
			fileSystemSynchronizedGroups = (
				2A24CA602ECA1FE600F32DFE /* PlaylistMemoryAMTests */,
			);
			name = PlaylistMemoryAMTests;
			packageProductDependencies = (
			);
			productName = PlaylistMemoryAMTests;
			productReference = 2A24CA5D2ECA1FE600F32DFE /* PlaylistMemoryAMTests.xctest */;
			productType = "com.apple.product-type.bundle.unit-test";
		};
		2A24CA662ECA1FE600F32DFE /* PlaylistMemoryAMUITests */ = {
			isa = PBXNativeTarget;
			buildConfigurationList = 2A24CA772ECA1FE600F32DFE /* Build configuration list for PBXNativeTarget "PlaylistMemoryAMUITests" */;
			buildPhases = (
				2A24CA632ECA1FE600F32DFE /* Sources */,
				2A24CA642ECA1FE600F32DFE /* Frameworks */,
				2A24CA652ECA1FE600F32DFE /* Resources */,
			);
			buildRules = (
			);
			dependencies = (
				2A24CA692ECA1FE600F32DFE /* PBXTargetDependency */,
			);
			fileSystemSynchronizedGroups = (
				2A24CA6A2ECA1FE600F32DFE /* PlaylistMemoryAMUITests */,
			);
			name = PlaylistMemoryAMUITests;
			packageProductDependencies = (
			);
			productName = PlaylistMemoryAMUITests;
			productReference = 2A24CA672ECA1FE600F32DFE /* PlaylistMemoryAMUITests.xctest */;
			productType = "com.apple.product-type.bundle.ui-testing";
		};
/* End PBXNativeTarget section */

/* Begin PBXProject section */
		2A24CA462ECA1FE400F32DFE /* Project object */ = {
			isa = PBXProject;
			attributes = {
				BuildIndependentTargetsInParallel = 1;
				LastSwiftUpdateCheck = 2610;
				LastUpgradeCheck = 2610;
				TargetAttributes = {
					2A24CA4D2ECA1FE400F32DFE = {
						CreatedOnToolsVersion = 26.1.1;
					};
					2A24CA5C2ECA1FE600F32DFE = {
						CreatedOnToolsVersion = 26.1.1;
						TestTargetID = 2A24CA4D2ECA1FE400F32DFE;
					};
					2A24CA662ECA1FE600F32DFE = {
						CreatedOnToolsVersion = 26.1.1;
						TestTargetID = 2A24CA4D2ECA1FE400F32DFE;
					};
				};
			};
			buildConfigurationList = 2A24CA492ECA1FE400F32DFE /* Build configuration list for PBXProject "PlaylistMemoryAM" */;
			developmentRegion = en;
			hasScannedForEncodings = 0;
			knownRegions = (
				en,
				Base,
			);
			mainGroup = 2A24CA452ECA1FE400F32DFE;
			minimizedProjectReferenceProxies = 1;
			preferredProjectObjectVersion = 77;
			productRefGroup = 2A24CA4F2ECA1FE400F32DFE /* Products */;
			projectDirPath = "";
			projectRoot = "";
			targets = (
				2A24CA4D2ECA1FE400F32DFE /* PlaylistMemoryAM */,
				2A24CA5C2ECA1FE600F32DFE /* PlaylistMemoryAMTests */,
				2A24CA662ECA1FE600F32DFE /* PlaylistMemoryAMUITests */,
			);
		};
/* End PBXProject section */

/* Begin PBXResourcesBuildPhase section */
		2A24CA4C2ECA1FE400F32DFE /* Resources */ = {
			isa = PBXResourcesBuildPhase;
			buildActionMask = 2147483647;
			files = (
			);
			runOnlyForDeploymentPostprocessing = 0;
		};
		2A24CA5B2ECA1FE600F32DFE /* Resources */ = {
			isa = PBXResourcesBuildPhase;
			buildActionMask = 2147483647;
			files = (
			);
			runOnlyForDeploymentPostprocessing = 0;
		};
		2A24CA652ECA1FE600F32DFE /* Resources */ = {
			isa = PBXResourcesBuildPhase;
			buildActionMask = 2147483647;
			files = (
			);
			runOnlyForDeploymentPostprocessing = 0;
		};
/* End PBXResourcesBuildPhase section */

/* Begin PBXSourcesBuildPhase section */
		2A24CA4A2ECA1FE400F32DFE /* Sources */ = {
			isa = PBXSourcesBuildPhase;
			buildActionMask = 2147483647;
			files = (
			);
			runOnlyForDeploymentPostprocessing = 0;
		};
		2A24CA592ECA1FE600F32DFE /* Sources */ = {
			isa = PBXSourcesBuildPhase;
			buildActionMask = 2147483647;
			files = (
			);
			runOnlyForDeploymentPostprocessing = 0;
		};
		2A24CA632ECA1FE600F32DFE /* Sources */ = {
			isa = PBXSourcesBuildPhase;
			buildActionMask = 2147483647;
			files = (
			);
			runOnlyForDeploymentPostprocessing = 0;
		};
/* End PBXSourcesBuildPhase section */

/* Begin PBXTargetDependency section */
		2A24CA5F2ECA1FE600F32DFE /* PBXTargetDependency */ = {
			isa = PBXTargetDependency;
			target = 2A24CA4D2ECA1FE400F32DFE /* PlaylistMemoryAM */;
			targetProxy = 2A24CA5E2ECA1FE600F32DFE /* PBXContainerItemProxy */;
		};
		2A24CA692ECA1FE600F32DFE /* PBXTargetDependency */ = {
			isa = PBXTargetDependency;
			target = 2A24CA4D2ECA1FE400F32DFE /* PlaylistMemoryAM */;
			targetProxy = 2A24CA682ECA1FE600F32DFE /* PBXContainerItemProxy */;
		};
/* End PBXTargetDependency section */

/* Begin XCBuildConfiguration section */
		2A24CA6F2ECA1FE600F32DFE /* Debug */ = {
			isa = XCBuildConfiguration;
			buildSettings = {
				ALWAYS_SEARCH_USER_PATHS = NO;
				ASSETCATALOG_COMPILER_GENERATE_SWIFT_ASSET_SYMBOL_EXTENSIONS = YES;
				CLANG_ANALYZER_NONNULL = YES;
				CLANG_ANALYZER_NUMBER_OBJECT_CONVERSION = YES_AGGRESSIVE;
				CLANG_CXX_LANGUAGE_STANDARD = "gnu++20";
				CLANG_ENABLE_MODULES = YES;
				CLANG_ENABLE_OBJC_ARC = YES;
				CLANG_ENABLE_OBJC_WEAK = YES;
				CLANG_WARN_BLOCK_CAPTURE_AUTORELEASING = YES;
				CLANG_WARN_BOOL_CONVERSION = YES;
				CLANG_WARN_COMMA = YES;
				CLANG_WARN_CONSTANT_CONVERSION = YES;
				CLANG_WARN_DEPRECATED_OBJC_IMPLEMENTATIONS = YES;
				CLANG_WARN_DIRECT_OBJC_ISA_USAGE = YES_ERROR;
				CLANG_WARN_DOCUMENTATION_COMMENTS = YES;
				CLANG_WARN_EMPTY_BODY = YES;
				CLANG_WARN_ENUM_CONVERSION = YES;
				CLANG_WARN_INFINITE_RECURSION = YES;
				CLANG_WARN_INT_CONVERSION = YES;
				CLANG_WARN_NON_LITERAL_NULL_CONVERSION = YES;
				CLANG_WARN_OBJC_IMPLICIT_RETAIN_SELF = YES;
				CLANG_WARN_OBJC_LITERAL_CONVERSION = YES;
				CLANG_WARN_OBJC_ROOT_CLASS = YES_ERROR;
				CLANG_WARN_QUOTED_INCLUDE_IN_FRAMEWORK_HEADER = YES;
				CLANG_WARN_RANGE_LOOP_ANALYSIS = YES;
				CLANG_WARN_STRICT_PROTOTYPES = YES;
				CLANG_WARN_SUSPICIOUS_MOVE = YES;
				CLANG_WARN_UNGUARDED_AVAILABILITY = YES_AGGRESSIVE;
				CLANG_WARN_UNREACHABLE_CODE = YES;
				CLANG_WARN__DUPLICATE_METHOD_MATCH = YES;
				COPY_PHASE_STRIP = NO;
				DEBUG_INFORMATION_FORMAT = dwarf;
				DEVELOPMENT_TEAM = 36HKYBKAJD;
				ENABLE_STRICT_OBJC_MSGSEND = YES;
				ENABLE_TESTABILITY = YES;
				ENABLE_USER_SCRIPT_SANDBOXING = YES;
				GCC_C_LANGUAGE_STANDARD = gnu17;
				GCC_DYNAMIC_NO_PIC = NO;
				GCC_NO_COMMON_BLOCKS = YES;
				GCC_OPTIMIZATION_LEVEL = 0;
				GCC_PREPROCESSOR_DEFINITIONS = (
					"DEBUG=1",
					"$(inherited)",
				);
				GCC_WARN_64_TO_32_BIT_CONVERSION = YES;
				GCC_WARN_ABOUT_RETURN_TYPE = YES_ERROR;
				GCC_WARN_UNDECLARED_SELECTOR = YES;
				GCC_WARN_UNINITIALIZED_AUTOS = YES_AGGRESSIVE;
				GCC_WARN_UNUSED_FUNCTION = YES;
				GCC_WARN_UNUSED_VARIABLE = YES;
				IPHONEOS_DEPLOYMENT_TARGET = 26.1;
				LOCALIZATION_PREFERS_STRING_CATALOGS = YES;
				MTL_ENABLE_DEBUG_INFO = INCLUDE_SOURCE;
				MTL_FAST_MATH = YES;
				ONLY_ACTIVE_ARCH = YES;
				SDKROOT = iphoneos;
				SWIFT_ACTIVE_COMPILATION_CONDITIONS = "DEBUG $(inherited)";
				SWIFT_OPTIMIZATION_LEVEL = "-Onone";
			};
			name = Debug;
		};
		2A24CA702ECA1FE600F32DFE /* Release */ = {
			isa = XCBuildConfiguration;
			buildSettings = {
				ALWAYS_SEARCH_USER_PATHS = NO;
				ASSETCATALOG_COMPILER_GENERATE_SWIFT_ASSET_SYMBOL_EXTENSIONS = YES;
				CLANG_ANALYZER_NONNULL = YES;
				CLANG_ANALYZER_NUMBER_OBJECT_CONVERSION = YES_AGGRESSIVE;
				CLANG_CXX_LANGUAGE_STANDARD = "gnu++20";
				CLANG_ENABLE_MODULES = YES;
				CLANG_ENABLE_OBJC_ARC = YES;
				CLANG_ENABLE_OBJC_WEAK = YES;
				CLANG_WARN_BLOCK_CAPTURE_AUTORELEASING = YES;
				CLANG_WARN_BOOL_CONVERSION = YES;
				CLANG_WARN_COMMA = YES;
				CLANG_WARN_CONSTANT_CONVERSION = YES;
				CLANG_WARN_DEPRECATED_OBJC_IMPLEMENTATIONS = YES;
				CLANG_WARN_DIRECT_OBJC_ISA_USAGE = YES_ERROR;
				CLANG_WARN_DOCUMENTATION_COMMENTS = YES;
				CLANG_WARN_EMPTY_BODY = YES;
				CLANG_WARN_ENUM_CONVERSION = YES;
				CLANG_WARN_INFINITE_RECURSION = YES;
				CLANG_WARN_INT_CONVERSION = YES;
				CLANG_WARN_NON_LITERAL_NULL_CONVERSION = YES;
				CLANG_WARN_OBJC_IMPLICIT_RETAIN_SELF = YES;
				CLANG_WARN_OBJC_LITERAL_CONVERSION = YES;
				CLANG_WARN_OBJC_ROOT_CLASS = YES_ERROR;
				CLANG_WARN_QUOTED_INCLUDE_IN_FRAMEWORK_HEADER = YES;
				CLANG_WARN_RANGE_LOOP_ANALYSIS = YES;
				CLANG_WARN_STRICT_PROTOTYPES = YES;
				CLANG_WARN_SUSPICIOUS_MOVE = YES;
				CLANG_WARN_UNGUARDED_AVAILABILITY = YES_AGGRESSIVE;
				CLANG_WARN_UNREACHABLE_CODE = YES;
				CLANG_WARN__DUPLICATE_METHOD_MATCH = YES;
				COPY_PHASE_STRIP = NO;
				DEBUG_INFORMATION_FORMAT = "dwarf-with-dsym";
				DEVELOPMENT_TEAM = 36HKYBKAJD;
				ENABLE_NS_ASSERTIONS = NO;
				ENABLE_STRICT_OBJC_MSGSEND = YES;
				ENABLE_USER_SCRIPT_SANDBOXING = YES;
				GCC_C_LANGUAGE_STANDARD = gnu17;
				GCC_NO_COMMON_BLOCKS = YES;
				GCC_WARN_64_TO_32_BIT_CONVERSION = YES;
				GCC_WARN_ABOUT_RETURN_TYPE = YES_ERROR;
				GCC_WARN_UNDECLARED_SELECTOR = YES;
				GCC_WARN_UNINITIALIZED_AUTOS = YES_AGGRESSIVE;
				GCC_WARN_UNUSED_FUNCTION = YES;
				GCC_WARN_UNUSED_VARIABLE = YES;
				IPHONEOS_DEPLOYMENT_TARGET = 26.1;
				LOCALIZATION_PREFERS_STRING_CATALOGS = YES;
				MTL_ENABLE_DEBUG_INFO = NO;
				MTL_FAST_MATH = YES;
				SDKROOT = iphoneos;
				SWIFT_COMPILATION_MODE = wholemodule;
				VALIDATE_PRODUCT = YES;
			};
			name = Release;
		};
		2A24CA722ECA1FE600F32DFE /* Debug */ = {
			isa = XCBuildConfiguration;
			buildSettings = {
				ASSETCATALOG_COMPILER_APPICON_NAME = AppIcon;
				ASSETCATALOG_COMPILER_GLOBAL_ACCENT_COLOR_NAME = AccentColor;
				CODE_SIGN_STYLE = Automatic;
				CURRENT_PROJECT_VERSION = 1;
				DEVELOPMENT_TEAM = 36HKYBKAJD;
				ENABLE_PREVIEWS = YES;
				GENERATE_INFOPLIST_FILE = YES;
				INFOPLIST_FILE = PlaylistMemoryAM/Info.plist;
				INFOPLIST_KEY_NSAppleMusicUsageDescription = "";
				INFOPLIST_KEY_UIApplicationSceneManifest_Generation = YES;
				INFOPLIST_KEY_UIApplicationSupportsIndirectInputEvents = YES;
				INFOPLIST_KEY_UILaunchScreen_Generation = YES;
				INFOPLIST_KEY_UISupportedInterfaceOrientations_iPad = "UIInterfaceOrientationPortrait UIInterfaceOrientationPortraitUpsideDown UIInterfaceOrientationLandscapeLeft UIInterfaceOrientationLandscapeRight";
				INFOPLIST_KEY_UISupportedInterfaceOrientations_iPhone = "UIInterfaceOrientationPortrait UIInterfaceOrientationLandscapeLeft UIInterfaceOrientationLandscapeRight";
				IPHONEOS_DEPLOYMENT_TARGET = 17.6;
				LD_RUNPATH_SEARCH_PATHS = (
					"$(inherited)",
					"@executable_path/Frameworks",
				);
				MARKETING_VERSION = 1.0;
				PRODUCT_BUNDLE_IDENTIFIER = com.vassili.PlaylistMemoryAM;
				PRODUCT_NAME = "$(TARGET_NAME)";
				STRING_CATALOG_GENERATE_SYMBOLS = YES;
				SWIFT_APPROACHABLE_CONCURRENCY = YES;
				SWIFT_DEFAULT_ACTOR_ISOLATION = MainActor;
				SWIFT_EMIT_LOC_STRINGS = YES;
				SWIFT_UPCOMING_FEATURE_MEMBER_IMPORT_VISIBILITY = YES;
				SWIFT_VERSION = 5.0;
				TARGETED_DEVICE_FAMILY = "1,2";
			};
			name = Debug;
		};
		2A24CA732ECA1FE600F32DFE /* Release */ = {
			isa = XCBuildConfiguration;
			buildSettings = {
				ASSETCATALOG_COMPILER_APPICON_NAME = AppIcon;
				ASSETCATALOG_COMPILER_GLOBAL_ACCENT_COLOR_NAME = AccentColor;
				CODE_SIGN_STYLE = Automatic;
				CURRENT_PROJECT_VERSION = 1;
				DEVELOPMENT_TEAM = 36HKYBKAJD;
				ENABLE_PREVIEWS = YES;
				GENERATE_INFOPLIST_FILE = YES;
				INFOPLIST_FILE = PlaylistMemoryAM/Info.plist;
				INFOPLIST_KEY_NSAppleMusicUsageDescription = "";
				INFOPLIST_KEY_UIApplicationSceneManifest_Generation = YES;
				INFOPLIST_KEY_UIApplicationSupportsIndirectInputEvents = YES;
				INFOPLIST_KEY_UILaunchScreen_Generation = YES;
				INFOPLIST_KEY_UISupportedInterfaceOrientations_iPad = "UIInterfaceOrientationPortrait UIInterfaceOrientationPortraitUpsideDown UIInterfaceOrientationLandscapeLeft UIInterfaceOrientationLandscapeRight";
				INFOPLIST_KEY_UISupportedInterfaceOrientations_iPhone = "UIInterfaceOrientationPortrait UIInterfaceOrientationLandscapeLeft UIInterfaceOrientationLandscapeRight";
				IPHONEOS_DEPLOYMENT_TARGET = 17.6;
				LD_RUNPATH_SEARCH_PATHS = (
					"$(inherited)",
					"@executable_path/Frameworks",
				);
				MARKETING_VERSION = 1.0;
				PRODUCT_BUNDLE_IDENTIFIER = com.vassili.PlaylistMemoryAM;
				PRODUCT_NAME = "$(TARGET_NAME)";
				STRING_CATALOG_GENERATE_SYMBOLS = YES;
				SWIFT_APPROACHABLE_CONCURRENCY = YES;
				SWIFT_DEFAULT_ACTOR_ISOLATION = MainActor;
				SWIFT_EMIT_LOC_STRINGS = YES;
				SWIFT_UPCOMING_FEATURE_MEMBER_IMPORT_VISIBILITY = YES;
				SWIFT_VERSION = 5.0;
				TARGETED_DEVICE_FAMILY = "1,2";
			};
			name = Release;
		};
		2A24CA752ECA1FE600F32DFE /* Debug */ = {
			isa = XCBuildConfiguration;
			buildSettings = {
				BUNDLE_LOADER = "$(TEST_HOST)";
				CODE_SIGN_STYLE = Automatic;
				CURRENT_PROJECT_VERSION = 1;
				DEVELOPMENT_TEAM = 36HKYBKAJD;
				GENERATE_INFOPLIST_FILE = YES;
				IPHONEOS_DEPLOYMENT_TARGET = 26.1;
				MARKETING_VERSION = 1.0;
				PRODUCT_BUNDLE_IDENTIFIER = com.vassili.PlaylistMemoryAMTests;
				PRODUCT_NAME = "$(TARGET_NAME)";
				STRING_CATALOG_GENERATE_SYMBOLS = NO;
				SWIFT_APPROACHABLE_CONCURRENCY = YES;
				SWIFT_EMIT_LOC_STRINGS = NO;
				SWIFT_UPCOMING_FEATURE_MEMBER_IMPORT_VISIBILITY = YES;
				SWIFT_VERSION = 5.0;
				TARGETED_DEVICE_FAMILY = "1,2";
				TEST_HOST = "$(BUILT_PRODUCTS_DIR)/PlaylistMemoryAM.app/$(BUNDLE_EXECUTABLE_FOLDER_PATH)/PlaylistMemoryAM";
			};
			name = Debug;
		};
		2A24CA762ECA1FE600F32DFE /* Release */ = {
			isa = XCBuildConfiguration;
			buildSettings = {
				BUNDLE_LOADER = "$(TEST_HOST)";
				CODE_SIGN_STYLE = Automatic;
				CURRENT_PROJECT_VERSION = 1;
				DEVELOPMENT_TEAM = 36HKYBKAJD;
				GENERATE_INFOPLIST_FILE = YES;
				IPHONEOS_DEPLOYMENT_TARGET = 26.1;
				MARKETING_VERSION = 1.0;
				PRODUCT_BUNDLE_IDENTIFIER = com.vassili.PlaylistMemoryAMTests;
				PRODUCT_NAME = "$(TARGET_NAME)";
				STRING_CATALOG_GENERATE_SYMBOLS = NO;
				SWIFT_APPROACHABLE_CONCURRENCY = YES;
				SWIFT_EMIT_LOC_STRINGS = NO;
				SWIFT_UPCOMING_FEATURE_MEMBER_IMPORT_VISIBILITY = YES;
				SWIFT_VERSION = 5.0;
				TARGETED_DEVICE_FAMILY = "1,2";
				TEST_HOST = "$(BUILT_PRODUCTS_DIR)/PlaylistMemoryAM.app/$(BUNDLE_EXECUTABLE_FOLDER_PATH)/PlaylistMemoryAM";
			};
			name = Release;
		};
		2A24CA782ECA1FE600F32DFE /* Debug */ = {
			isa = XCBuildConfiguration;
			buildSettings = {
				CODE_SIGN_STYLE = Automatic;
				CURRENT_PROJECT_VERSION = 1;
				DEVELOPMENT_TEAM = 36HKYBKAJD;
				GENERATE_INFOPLIST_FILE = YES;
				MARKETING_VERSION = 1.0;
				PRODUCT_BUNDLE_IDENTIFIER = com.vassili.PlaylistMemoryAMUITests;
				PRODUCT_NAME = "$(TARGET_NAME)";
				STRING_CATALOG_GENERATE_SYMBOLS = NO;
				SWIFT_APPROACHABLE_CONCURRENCY = YES;
				SWIFT_EMIT_LOC_STRINGS = NO;
				SWIFT_UPCOMING_FEATURE_MEMBER_IMPORT_VISIBILITY = YES;
				SWIFT_VERSION = 5.0;
				TARGETED_DEVICE_FAMILY = "1,2";
				TEST_TARGET_NAME = PlaylistMemoryAM;
			};
			name = Debug;
		};
		2A24CA792ECA1FE600F32DFE /* Release */ = {
			isa = XCBuildConfiguration;
			buildSettings = {
				CODE_SIGN_STYLE = Automatic;
				CURRENT_PROJECT_VERSION = 1;
				DEVELOPMENT_TEAM = 36HKYBKAJD;
				GENERATE_INFOPLIST_FILE = YES;
				MARKETING_VERSION = 1.0;
				PRODUCT_BUNDLE_IDENTIFIER = com.vassili.PlaylistMemoryAMUITests;
				PRODUCT_NAME = "$(TARGET_NAME)";
				STRING_CATALOG_GENERATE_SYMBOLS = NO;
				SWIFT_APPROACHABLE_CONCURRENCY = YES;
				SWIFT_EMIT_LOC_STRINGS = NO;
				SWIFT_UPCOMING_FEATURE_MEMBER_IMPORT_VISIBILITY = YES;
				SWIFT_VERSION = 5.0;
				TARGETED_DEVICE_FAMILY = "1,2";
				TEST_TARGET_NAME = PlaylistMemoryAM;
			};
			name = Release;
		};
/* End XCBuildConfiguration section */

/* Begin XCConfigurationList section */
		2A24CA492ECA1FE400F32DFE /* Build configuration list for PBXProject "PlaylistMemoryAM" */ = {
			isa = XCConfigurationList;
			buildConfigurations = (
				2A24CA6F2ECA1FE600F32DFE /* Debug */,
				2A24CA702ECA1FE600F32DFE /* Release */,
			);
			defaultConfigurationIsVisible = 0;
			defaultConfigurationName = Release;
		};
		2A24CA712ECA1FE600F32DFE /* Build configuration list for PBXNativeTarget "PlaylistMemoryAM" */ = {
			isa = XCConfigurationList;
			buildConfigurations = (
				2A24CA722ECA1FE600F32DFE /* Debug */,
				2A24CA732ECA1FE600F32DFE /* Release */,
			);
			defaultConfigurationIsVisible = 0;
			defaultConfigurationName = Release;
		};
		2A24CA742ECA1FE600F32DFE /* Build configuration list for PBXNativeTarget "PlaylistMemoryAMTests" */ = {
			isa = XCConfigurationList;
			buildConfigurations = (
				2A24CA752ECA1FE600F32DFE /* Debug */,
				2A24CA762ECA1FE600F32DFE /* Release */,
			);
			defaultConfigurationIsVisible = 0;
			defaultConfigurationName = Release;
		};
		2A24CA772ECA1FE600F32DFE /* Build configuration list for PBXNativeTarget "PlaylistMemoryAMUITests" */ = {
			isa = XCConfigurationList;
			buildConfigurations = (
				2A24CA782ECA1FE600F32DFE /* Debug */,
				2A24CA792ECA1FE600F32DFE /* Release */,
			);
			defaultConfigurationIsVisible = 0;
			defaultConfigurationName = Release;
		};
/* End XCConfigurationList section */
	};
	rootObject = 2A24CA462ECA1FE400F32DFE /* Project object */;
}
